
Microsoft Visual Studio Solution File, Format Version 12.00
# Visual Studio 15
VisualStudioVersion = 15.0.28307.106
MinimumVisualStudioVersion = 10.0.40219.1
Project("{2150E333-8FDC-42A3-9474-1A3956D46DE8}") = "Domain", "Domain", "{12B0CFB5-00D5-4445-BC55-488A182CDEB6}"
EndProject
Project("{2150E333-8FDC-42A3-9474-1A3956D46DE8}") = "Infrastructure", "Infrastructure", "{7F9FF5F2-5812-46BB-990C-07F5ACEE8E43}"
EndProject
Project("{2150E333-8FDC-42A3-9474-1A3956D46DE8}") = "Test", "Test", "{980D71CC-4D92-43FE-8A4E-8EDED6DA9600}"
EndProject
Project("{9A19103F-16F7-4668-BE54-9A1E7A4F7556}") = "AE.CustomerApp.Api", "AE.CustomerApp.Api\AE.CustomerApp.Api.csproj", "{84B9306B-983C-4D91-91E3-23C5253E6826}"
EndProject
Project("{9A19103F-16F7-4668-BE54-9A1E7A4F7556}") = "AE.CustomerApp.Core", "AE.CustomerApp.Core\AE.CustomerApp.Core.csproj", "{51AAF5CA-D3E6-4421-AC41-36F642AF6103}"
EndProject
Project("{9A19103F-16F7-4668-BE54-9A1E7A4F7556}") = "AE.CustomerApp.Infra.Data", "AE.CustomerApp.Infra.Data\AE.CustomerApp.Infra.Data.csproj", "{56F498B5-093C-4EA2-8000-04067CE903D0}"
EndProject
Project("{2150E333-8FDC-42A3-9474-1A3956D46DE8}") = "Cross Cutting Concerns", "Cross Cutting Concerns", "{530381C6-5F7B-473D-9532-C416D8545C74}"
EndProject
Project("{2150E333-8FDC-42A3-9474-1A3956D46DE8}") = "Application Core", "Application Core", "{1C3E5A07-47C7-4AAC-A75B-28D92326CCF5}"
EndProject
Project("{9A19103F-16F7-4668-BE54-9A1E7A4F7556}") = "AE.CustomerApp.Domain", "AE.CustomerApp.Domain\AE.CustomerApp.Domain.csproj", "{A1C2FD7A-E723-4B47-BF9D-656666AC2495}"
EndProject
Project("{9A19103F-16F7-4668-BE54-9A1E7A4F7556}") = "AE.CustomerApp.Infra.IoC", "AE.CustomerApp.Infra.IoC\AE.CustomerApp.Infra.IoC.csproj", "{BF823C92-A00A-44FA-89C9-C6FE36E4ABFB}"
EndProject
Project("{2150E333-8FDC-42A3-9474-1A3956D46DE8}") = "Web Api", "Web Api", "{E6127F67-9601-486F-95A6-22293CD6D79C}"
EndProject
Project("{9A19103F-16F7-4668-BE54-9A1E7A4F7556}") = "AE.CustomerApp.Infra.Data.Test", "AE.CustomerApp.Infra.Data.Test\AE.CustomerApp.Infra.Data.Test.csproj", "{2871FF88-8640-40D4-BAA9-90503A3229F0}"
EndProject
Project("{9A19103F-16F7-4668-BE54-9A1E7A4F7556}") = "AE.CustomerApp.Core.Test", "AE.CustomerApp.Core.Test\AE.CustomerApp.Core.Test.csproj", "{723AF41A-0C14-42C6-A419-0BDBACF53A73}"
EndProject
Project("{9A19103F-16F7-4668-BE54-9A1E7A4F7556}") = "AE.CustomerApp.Api.Test", "AE.CustomerApp.Api.Test\AE.CustomerApp.Api.Test.csproj", "{EBE6F75E-C406-48F6-82D3-980B58F3D30A}"
EndProject
Project("{FAE04EC0-301F-11D3-BF4B-00C04F79EFBC}") = "AE.CustomerApp.Infra.IoC.Test", "AE.CustomerApp.Infra.IoC.Test\AE.CustomerApp.Infra.IoC.Test.csproj", "{8FD5791C-55E4-4184-B718-FA8D3ED0E77A}"
EndProject
Global
	GlobalSection(SolutionConfigurationPlatforms) = preSolution
		Debug|Any CPU = Debug|Any CPU
		Release|Any CPU = Release|Any CPU
	EndGlobalSection
	GlobalSection(ProjectConfigurationPlatforms) = postSolution
		{84B9306B-983C-4D91-91E3-23C5253E6826}.Debug|Any CPU.ActiveCfg = Debug|Any CPU
		{84B9306B-983C-4D91-91E3-23C5253E6826}.Debug|Any CPU.Build.0 = Debug|Any CPU
		{84B9306B-983C-4D91-91E3-23C5253E6826}.Release|Any CPU.ActiveCfg = Release|Any CPU
		{84B9306B-983C-4D91-91E3-23C5253E6826}.Release|Any CPU.Build.0 = Release|Any CPU
		{51AAF5CA-D3E6-4421-AC41-36F642AF6103}.Debug|Any CPU.ActiveCfg = Debug|Any CPU
		{51AAF5CA-D3E6-4421-AC41-36F642AF6103}.Debug|Any CPU.Build.0 = Debug|Any CPU
		{51AAF5CA-D3E6-4421-AC41-36F642AF6103}.Release|Any CPU.ActiveCfg = Release|Any CPU
		{51AAF5CA-D3E6-4421-AC41-36F642AF6103}.Release|Any CPU.Build.0 = Release|Any CPU
		{56F498B5-093C-4EA2-8000-04067CE903D0}.Debug|Any CPU.ActiveCfg = Debug|Any CPU
		{56F498B5-093C-4EA2-8000-04067CE903D0}.Debug|Any CPU.Build.0 = Debug|Any CPU
		{56F498B5-093C-4EA2-8000-04067CE903D0}.Release|Any CPU.ActiveCfg = Release|Any CPU
		{56F498B5-093C-4EA2-8000-04067CE903D0}.Release|Any CPU.Build.0 = Release|Any CPU
		{A1C2FD7A-E723-4B47-BF9D-656666AC2495}.Debug|Any CPU.ActiveCfg = Debug|Any CPU
		{A1C2FD7A-E723-4B47-BF9D-656666AC2495}.Debug|Any CPU.Build.0 = Debug|Any CPU
		{A1C2FD7A-E723-4B47-BF9D-656666AC2495}.Release|Any CPU.ActiveCfg = Release|Any CPU
		{A1C2FD7A-E723-4B47-BF9D-656666AC2495}.Release|Any CPU.Build.0 = Release|Any CPU
		{BF823C92-A00A-44FA-89C9-C6FE36E4ABFB}.Debug|Any CPU.ActiveCfg = Debug|Any CPU
		{BF823C92-A00A-44FA-89C9-C6FE36E4ABFB}.Debug|Any CPU.Build.0 = Debug|Any CPU
		{BF823C92-A00A-44FA-89C9-C6FE36E4ABFB}.Release|Any CPU.ActiveCfg = Release|Any CPU
		{BF823C92-A00A-44FA-89C9-C6FE36E4ABFB}.Release|Any CPU.Build.0 = Release|Any CPU
		{2871FF88-8640-40D4-BAA9-90503A3229F0}.Debug|Any CPU.ActiveCfg = Debug|Any CPU
		{2871FF88-8640-40D4-BAA9-90503A3229F0}.Debug|Any CPU.Build.0 = Debug|Any CPU
		{2871FF88-8640-40D4-BAA9-90503A3229F0}.Release|Any CPU.ActiveCfg = Release|Any CPU
		{2871FF88-8640-40D4-BAA9-90503A3229F0}.Release|Any CPU.Build.0 = Release|Any CPU
		{723AF41A-0C14-42C6-A419-0BDBACF53A73}.Debug|Any CPU.ActiveCfg = Debug|Any CPU
		{723AF41A-0C14-42C6-A419-0BDBACF53A73}.Debug|Any CPU.Build.0 = Debug|Any CPU
		{723AF41A-0C14-42C6-A419-0BDBACF53A73}.Release|Any CPU.ActiveCfg = Release|Any CPU
		{723AF41A-0C14-42C6-A419-0BDBACF53A73}.Release|Any CPU.Build.0 = Release|Any CPU
		{EBE6F75E-C406-48F6-82D3-980B58F3D30A}.Debug|Any CPU.ActiveCfg = Debug|Any CPU
		{EBE6F75E-C406-48F6-82D3-980B58F3D30A}.Debug|Any CPU.Build.0 = Debug|Any CPU
		{EBE6F75E-C406-48F6-82D3-980B58F3D30A}.Release|Any CPU.ActiveCfg = Release|Any CPU
		{EBE6F75E-C406-48F6-82D3-980B58F3D30A}.Release|Any CPU.Build.0 = Release|Any CPU
		{8FD5791C-55E4-4184-B718-FA8D3ED0E77A}.Debug|Any CPU.ActiveCfg = Debug|Any CPU
		{8FD5791C-55E4-4184-B718-FA8D3ED0E77A}.Debug|Any CPU.Build.0 = Debug|Any CPU
		{8FD5791C-55E4-4184-B718-FA8D3ED0E77A}.Release|Any CPU.ActiveCfg = Release|Any CPU
		{8FD5791C-55E4-4184-B718-FA8D3ED0E77A}.Release|Any CPU.Build.0 = Release|Any CPU
	EndGlobalSection
	GlobalSection(SolutionProperties) = preSolution
		HideSolutionNode = FALSE
	EndGlobalSection
	GlobalSection(NestedProjects) = preSolution
		{84B9306B-983C-4D91-91E3-23C5253E6826} = {E6127F67-9601-486F-95A6-22293CD6D79C}
		{51AAF5CA-D3E6-4421-AC41-36F642AF6103} = {1C3E5A07-47C7-4AAC-A75B-28D92326CCF5}
		{56F498B5-093C-4EA2-8000-04067CE903D0} = {7F9FF5F2-5812-46BB-990C-07F5ACEE8E43}
		{A1C2FD7A-E723-4B47-BF9D-656666AC2495} = {12B0CFB5-00D5-4445-BC55-488A182CDEB6}
		{BF823C92-A00A-44FA-89C9-C6FE36E4ABFB} = {530381C6-5F7B-473D-9532-C416D8545C74}
		{2871FF88-8640-40D4-BAA9-90503A3229F0} = {980D71CC-4D92-43FE-8A4E-8EDED6DA9600}
		{723AF41A-0C14-42C6-A419-0BDBACF53A73} = {980D71CC-4D92-43FE-8A4E-8EDED6DA9600}
		{EBE6F75E-C406-48F6-82D3-980B58F3D30A} = {980D71CC-4D92-43FE-8A4E-8EDED6DA9600}
		{8FD5791C-55E4-4184-B718-FA8D3ED0E77A} = {980D71CC-4D92-43FE-8A4E-8EDED6DA9600}
	EndGlobalSection
	GlobalSection(ExtensibilityGlobals) = postSolution
		SolutionGuid = {4789B585-75E5-498D-AD4A-65AFE4D0839C}
	EndGlobalSection
EndGlobal
